
Microsoft Visual Studio Solution File, Format Version 12.00
# Visual Studio Version 16
VisualStudioVersion = 16.0.29411.138
MinimumVisualStudioVersion = 10.0.40219.1
Project("{FAE04EC0-301F-11D3-BF4B-00C04F79EFBC}") = "OcvLinuxTest", "OcvLinuxTest.csproj", "{B31C3E8A-6744-4414-8A78-7D63AADBC5B3}"
EndProject
Global
	GlobalSection(SolutionConfigurationPlatforms) = preSolution
		Debug|Any CPU = Debug|Any CPU
		Release|Any CPU = Release|Any CPU
	EndGlobalSection
	GlobalSection(ProjectConfigurationPlatforms) = postSolution
		{B31C3E8A-6744-4414-8A78-7D63AADBC5B3}.Debug|Any CPU.ActiveCfg = Debug|Any CPU
		{B31C3E8A-6744-4414-8A78-7D63AADBC5B3}.Debug|Any CPU.Build.0 = Debug|Any CPU
		{B31C3E8A-6744-4414-8A78-7D63AADBC5B3}.Release|Any CPU.ActiveCfg = Release|Any CPU
		{B31C3E8A-6744-4414-8A78-7D63AADBC5B3}.Release|Any CPU.Build.0 = Release|Any CPU
	EndGlobalSection
	GlobalSection(SolutionProperties) = preSolution
		HideSolutionNode = FALSE
	EndGlobalSection
	GlobalSection(ExtensibilityGlobals) = postSolution
		SolutionGuid = {F8E4A3E1-76F7-4053-A316-DD5709ED4977}
	EndGlobalSection
EndGlobal
